
Microsoft Visual Studio Solution File, Format Version 12.00
# Visual Studio Version 16
VisualStudioVersion = 16.0.31112.23
MinimumVisualStudioVersion = 10.0.40219.1
Project("{FAE04EC0-301F-11D3-BF4B-00C04F79EFBC}") = "li_lb4_IM", "li_lb4_IM.csproj", "{01163C31-86C8-4E96-9980-DFC6116ACEAC}"
EndProject
Global
	GlobalSection(SolutionConfigurationPlatforms) = preSolution
		Debug|Any CPU = Debug|Any CPU
		Release|Any CPU = Release|Any CPU
	EndGlobalSection
	GlobalSection(ProjectConfigurationPlatforms) = postSolution
		{01163C31-86C8-4E96-9980-DFC6116ACEAC}.Debug|Any CPU.ActiveCfg = Debug|Any CPU
		{01163C31-86C8-4E96-9980-DFC6116ACEAC}.Debug|Any CPU.Build.0 = Debug|Any CPU
		{01163C31-86C8-4E96-9980-DFC6116ACEAC}.Release|Any CPU.ActiveCfg = Release|Any CPU
		{01163C31-86C8-4E96-9980-DFC6116ACEAC}.Release|Any CPU.Build.0 = Release|Any CPU
	EndGlobalSection
	GlobalSection(SolutionProperties) = preSolution
		HideSolutionNode = FALSE
	EndGlobalSection
	GlobalSection(ExtensibilityGlobals) = postSolution
		SolutionGuid = {BB7F3D18-F9C2-4731-A7D9-C6DEA0DD9F97}
	EndGlobalSection
EndGlobal
